
Microsoft Visual Studio Solution File, Format Version 12.00
# Visual Studio Version 17
VisualStudioVersion = 17.7.34031.279
MinimumVisualStudioVersion = 10.0.40219.1
Project("{9A19103F-16F7-4668-BE54-9A1E7A4F7556}") = "Portal", "Portal\Portal.csproj", "{B9A5E4C9-F7F6-4781-99DA-443D548ED047}"
EndProject
Project("{E53339B2-1760-4266-BCC7-CA923CBCF16C}") = "docker-compose", "docker-compose.dcproj", "{C445018B-D378-4C5A-AF7F-267415064A6F}"
EndProject
Global
	GlobalSection(SolutionConfigurationPlatforms) = preSolution
		Debug|Any CPU = Debug|Any CPU
		Release|Any CPU = Release|Any CPU
	EndGlobalSection
	GlobalSection(ProjectConfigurationPlatforms) = postSolution
		{B9A5E4C9-F7F6-4781-99DA-443D548ED047}.Debug|Any CPU.ActiveCfg = Debug|Any CPU
		{B9A5E4C9-F7F6-4781-99DA-443D548ED047}.Debug|Any CPU.Build.0 = Debug|Any CPU
		{B9A5E4C9-F7F6-4781-99DA-443D548ED047}.Release|Any CPU.ActiveCfg = Release|Any CPU
		{B9A5E4C9-F7F6-4781-99DA-443D548ED047}.Release|Any CPU.Build.0 = Release|Any CPU
		{C445018B-D378-4C5A-AF7F-267415064A6F}.Debug|Any CPU.ActiveCfg = Debug|Any CPU
		{C445018B-D378-4C5A-AF7F-267415064A6F}.Debug|Any CPU.Build.0 = Debug|Any CPU
		{C445018B-D378-4C5A-AF7F-267415064A6F}.Release|Any CPU.ActiveCfg = Release|Any CPU
		{C445018B-D378-4C5A-AF7F-267415064A6F}.Release|Any CPU.Build.0 = Release|Any CPU
	EndGlobalSection
	GlobalSection(SolutionProperties) = preSolution
		HideSolutionNode = FALSE
	EndGlobalSection
	GlobalSection(ExtensibilityGlobals) = postSolution
		SolutionGuid = {37E3D2F7-7E53-4DEC-97C7-388A2BF0C80D}
	EndGlobalSection
EndGlobal
